
Microsoft Visual Studio Solution File, Format Version 12.00
# Visual Studio Version 17
VisualStudioVersion = 17.8.34309.116
MinimumVisualStudioVersion = 10.0.40219.1
Project("{FAE04EC0-301F-11D3-BF4B-00C04F79EFBC}") = "iOSImageSaveIssue", "iOSImageSaveIssue.csproj", "{CD8DF2AF-63AF-4183-AFA1-E0D5F1EA2FA7}"
EndProject
Global
	GlobalSection(SolutionConfigurationPlatforms) = preSolution
		Debug|Any CPU = Debug|Any CPU
		Release|Any CPU = Release|Any CPU
	EndGlobalSection
	GlobalSection(ProjectConfigurationPlatforms) = postSolution
		{CD8DF2AF-63AF-4183-AFA1-E0D5F1EA2FA7}.Debug|Any CPU.ActiveCfg = Debug|Any CPU
		{CD8DF2AF-63AF-4183-AFA1-E0D5F1EA2FA7}.Debug|Any CPU.Build.0 = Debug|Any CPU
		{CD8DF2AF-63AF-4183-AFA1-E0D5F1EA2FA7}.Debug|Any CPU.Deploy.0 = Debug|Any CPU
		{CD8DF2AF-63AF-4183-AFA1-E0D5F1EA2FA7}.Release|Any CPU.ActiveCfg = Release|Any CPU
		{CD8DF2AF-63AF-4183-AFA1-E0D5F1EA2FA7}.Release|Any CPU.Build.0 = Release|Any CPU
		{CD8DF2AF-63AF-4183-AFA1-E0D5F1EA2FA7}.Release|Any CPU.Deploy.0 = Release|Any CPU
	EndGlobalSection
	GlobalSection(SolutionProperties) = preSolution
		HideSolutionNode = FALSE
	EndGlobalSection
	GlobalSection(ExtensibilityGlobals) = postSolution
		SolutionGuid = {F55F87E1-5546-425B-BFD2-63D43B068C80}
	EndGlobalSection
EndGlobal
